
Microsoft Visual Studio Solution File, Format Version 11.00
# Visual Studio 2010
Project("{8BC9CEB8-8B4A-11D0-8D11-00A0C91BC942}") = "IccSkin", "IccSkin\IccSkin.vcxproj", "{C81A8F3F-1300-49B5-8002-BB716237F19A}"
	ProjectSection(ProjectDependencies) = postProject
		{53C1EB36-9626-43C0-8E6D-E80DEDAE1FD7} = {53C1EB36-9626-43C0-8E6D-E80DEDAE1FD7}
		{A57363A9-2E3D-4365-8167-F6EB5E44C0F9} = {A57363A9-2E3D-4365-8167-F6EB5E44C0F9}
		{C406DAEC-0886-4771-8DEA-9D7329B46CC1} = {C406DAEC-0886-4771-8DEA-9D7329B46CC1}
	EndProjectSection
EndProject
Project("{8BC9CEB8-8B4A-11D0-8D11-00A0C91BC942}") = "coolsb", "coolsb\coolsb.vcxproj", "{53C1EB36-9626-43C0-8E6D-E80DEDAE1FD7}"
EndProject
Project("{8BC9CEB8-8B4A-11D0-8D11-00A0C91BC942}") = "coolsb_detours", "coolsb_detours\coolsb_detours.vcxproj", "{A57363A9-2E3D-4365-8167-F6EB5E44C0F9}"
EndProject
Project("{8BC9CEB8-8B4A-11D0-8D11-00A0C91BC942}") = "IccSkinTest", "IccSkinTest\IccSkinTest.vcxproj", "{6D6821D0-2169-4DFD-8236-F4549416CE79}"
	ProjectSection(ProjectDependencies) = postProject
		{C81A8F3F-1300-49B5-8002-BB716237F19A} = {C81A8F3F-1300-49B5-8002-BB716237F19A}
	EndProjectSection
EndProject
Project("{2150E333-8FDC-42A3-9474-1A3956D46DE8}") = "Solution Items", "Solution Items", "{E577D420-4596-470A-A316-CF3B0D1B3E22}"
	ProjectSection(SolutionItems) = preProject
		player.xml = player.xml
		Readme.txt = Readme.txt
		skin.bmp = skin.bmp
		Skin.xls = Skin.xls
	EndProjectSection
EndProject
Project("{8BC9CEB8-8B4A-11D0-8D11-00A0C91BC942}") = "tinyxml", "tinyxml\tinyxml_lib.vcxproj", "{C406DAEC-0886-4771-8DEA-9D7329B46CC1}"
EndProject
Project("{8BC9CEB8-8B4A-11D0-8D11-00A0C91BC942}") = "SciLexer", "scintilla\vcbuild\SciLexer.vcxproj", "{0297411D-C304-4936-B867-5CA8BAEF8770}"
EndProject
Global
	GlobalSection(SolutionConfigurationPlatforms) = preSolution
		Debug|Win32 = Debug|Win32
		DLL_Debug|Win32 = DLL_Debug|Win32
		DLL_Release|Win32 = DLL_Release|Win32
		Release|Win32 = Release|Win32
	EndGlobalSection
	GlobalSection(ProjectConfigurationPlatforms) = postSolution
		{C81A8F3F-1300-49B5-8002-BB716237F19A}.Debug|Win32.ActiveCfg = Debug|Win32
		{C81A8F3F-1300-49B5-8002-BB716237F19A}.Debug|Win32.Build.0 = Debug|Win32
		{C81A8F3F-1300-49B5-8002-BB716237F19A}.DLL_Debug|Win32.ActiveCfg = DLL_Debug|Win32
		{C81A8F3F-1300-49B5-8002-BB716237F19A}.DLL_Debug|Win32.Build.0 = DLL_Debug|Win32
		{C81A8F3F-1300-49B5-8002-BB716237F19A}.DLL_Release|Win32.ActiveCfg = DLL_Release|Win32
		{C81A8F3F-1300-49B5-8002-BB716237F19A}.DLL_Release|Win32.Build.0 = DLL_Release|Win32
		{C81A8F3F-1300-49B5-8002-BB716237F19A}.Release|Win32.ActiveCfg = Release|Win32
		{C81A8F3F-1300-49B5-8002-BB716237F19A}.Release|Win32.Build.0 = Release|Win32
		{53C1EB36-9626-43C0-8E6D-E80DEDAE1FD7}.Debug|Win32.ActiveCfg = Debug|Win32
		{53C1EB36-9626-43C0-8E6D-E80DEDAE1FD7}.Debug|Win32.Build.0 = Debug|Win32
		{53C1EB36-9626-43C0-8E6D-E80DEDAE1FD7}.DLL_Debug|Win32.ActiveCfg = DLL_Debug|Win32
		{53C1EB36-9626-43C0-8E6D-E80DEDAE1FD7}.DLL_Debug|Win32.Build.0 = DLL_Debug|Win32
		{53C1EB36-9626-43C0-8E6D-E80DEDAE1FD7}.DLL_Release|Win32.ActiveCfg = DLL_Release|Win32
		{53C1EB36-9626-43C0-8E6D-E80DEDAE1FD7}.DLL_Release|Win32.Build.0 = DLL_Release|Win32
		{53C1EB36-9626-43C0-8E6D-E80DEDAE1FD7}.Release|Win32.ActiveCfg = Release|Win32
		{53C1EB36-9626-43C0-8E6D-E80DEDAE1FD7}.Release|Win32.Build.0 = Release|Win32
		{A57363A9-2E3D-4365-8167-F6EB5E44C0F9}.Debug|Win32.ActiveCfg = Debug|Win32
		{A57363A9-2E3D-4365-8167-F6EB5E44C0F9}.Debug|Win32.Build.0 = Debug|Win32
		{A57363A9-2E3D-4365-8167-F6EB5E44C0F9}.DLL_Debug|Win32.ActiveCfg = DLL_Debug|Win32
		{A57363A9-2E3D-4365-8167-F6EB5E44C0F9}.DLL_Debug|Win32.Build.0 = DLL_Debug|Win32
		{A57363A9-2E3D-4365-8167-F6EB5E44C0F9}.DLL_Release|Win32.ActiveCfg = DLL_Release|Win32
		{A57363A9-2E3D-4365-8167-F6EB5E44C0F9}.DLL_Release|Win32.Build.0 = DLL_Release|Win32
		{A57363A9-2E3D-4365-8167-F6EB5E44C0F9}.Release|Win32.ActiveCfg = Release|Win32
		{A57363A9-2E3D-4365-8167-F6EB5E44C0F9}.Release|Win32.Build.0 = Release|Win32
		{6D6821D0-2169-4DFD-8236-F4549416CE79}.Debug|Win32.ActiveCfg = Debug|Win32
		{6D6821D0-2169-4DFD-8236-F4549416CE79}.Debug|Win32.Build.0 = Debug|Win32
		{6D6821D0-2169-4DFD-8236-F4549416CE79}.DLL_Debug|Win32.ActiveCfg = DLL_Debug|Win32
		{6D6821D0-2169-4DFD-8236-F4549416CE79}.DLL_Debug|Win32.Build.0 = DLL_Debug|Win32
		{6D6821D0-2169-4DFD-8236-F4549416CE79}.DLL_Release|Win32.ActiveCfg = DLL_Release|Win32
		{6D6821D0-2169-4DFD-8236-F4549416CE79}.DLL_Release|Win32.Build.0 = DLL_Release|Win32
		{6D6821D0-2169-4DFD-8236-F4549416CE79}.Release|Win32.ActiveCfg = Release|Win32
		{6D6821D0-2169-4DFD-8236-F4549416CE79}.Release|Win32.Build.0 = Release|Win32
		{C406DAEC-0886-4771-8DEA-9D7329B46CC1}.Debug|Win32.ActiveCfg = Debug|Win32
		{C406DAEC-0886-4771-8DEA-9D7329B46CC1}.Debug|Win32.Build.0 = Debug|Win32
		{C406DAEC-0886-4771-8DEA-9D7329B46CC1}.DLL_Debug|Win32.ActiveCfg = DLL_Debug|Win32
		{C406DAEC-0886-4771-8DEA-9D7329B46CC1}.DLL_Debug|Win32.Build.0 = DLL_Debug|Win32
		{C406DAEC-0886-4771-8DEA-9D7329B46CC1}.DLL_Release|Win32.ActiveCfg = DLL_Release|Win32
		{C406DAEC-0886-4771-8DEA-9D7329B46CC1}.DLL_Release|Win32.Build.0 = DLL_Release|Win32
		{C406DAEC-0886-4771-8DEA-9D7329B46CC1}.Release|Win32.ActiveCfg = Release|Win32
		{C406DAEC-0886-4771-8DEA-9D7329B46CC1}.Release|Win32.Build.0 = Release|Win32
		{0297411D-C304-4936-B867-5CA8BAEF8770}.Debug|Win32.ActiveCfg = Debug|Win32
		{0297411D-C304-4936-B867-5CA8BAEF8770}.Debug|Win32.Build.0 = Debug|Win32
		{0297411D-C304-4936-B867-5CA8BAEF8770}.DLL_Debug|Win32.ActiveCfg = Debug|Win32
		{0297411D-C304-4936-B867-5CA8BAEF8770}.DLL_Debug|Win32.Build.0 = Debug|Win32
		{0297411D-C304-4936-B867-5CA8BAEF8770}.DLL_Release|Win32.ActiveCfg = Release|Win32
		{0297411D-C304-4936-B867-5CA8BAEF8770}.DLL_Release|Win32.Build.0 = Release|Win32
		{0297411D-C304-4936-B867-5CA8BAEF8770}.Release|Win32.ActiveCfg = Release|Win32
		{0297411D-C304-4936-B867-5CA8BAEF8770}.Release|Win32.Build.0 = Release|Win32
	EndGlobalSection
	GlobalSection(SolutionProperties) = preSolution
		HideSolutionNode = FALSE
	EndGlobalSection
EndGlobal
