<?xml version="1.0" encoding="utf-8"?>
<Project ToolsVersion="4.0" xmlns="http://schemas.microsoft.com/developer/msbuild/2003">
  <ItemGroup>
    <Filter Include="Source Files">
      <UniqueIdentifier>{6b30812e-a16e-4cd6-a8bf-88e1ffea7e43}</UniqueIdentifier>
      <Extensions>cpp;c;cxx;rc;def;r;odl;idl;hpj;bat</Extensions>
    </Filter>
    <Filter Include="Header Files">
      <UniqueIdentifier>{fa661a59-1be8-4f7d-885b-efbffb6ffe18}</UniqueIdentifier>
      <Extensions>h;hpp;hxx;hm;inl</Extensions>
    </Filter>
    <Filter Include="lib">
      <UniqueIdentifier>{ac1a8d9e-c199-402a-a069-aa9561a4371a}</UniqueIdentifier>
    </Filter>
  </ItemGroup>
  <ItemGroup>
    <ClCompile Include="coolsb_detours.c">
      <Filter>Source Files</Filter>
    </ClCompile>
  </ItemGroup>
  <ItemGroup>
    <ClInclude Include="coolsb_detours.h">
      <Filter>Header Files</Filter>
    </ClInclude>
    <ClInclude Include="detours.h">
      <Filter>Header Files</Filter>
    </ClInclude>
  </ItemGroup>
  <ItemGroup>
    <Library Include="lib\detours.lib">
      <Filter>lib</Filter>
    </Library>
  </ItemGroup>
</Project>